
Microsoft Visual Studio Solution File, Format Version 12.00
# Visual Studio 14
VisualStudioVersion = 14.0.23107.0
MinimumVisualStudioVersion = 10.0.40219.1
Project("{FAE04EC0-301F-11D3-BF4B-00C04F79EFBC}") = "AddressBook", "AddressBook\AddressBook\AddressBook.csproj", "{F4C40B66-588F-4FB0-9259-9CE0DE48715A}"
EndProject
Project("{FAE04EC0-301F-11D3-BF4B-00C04F79EFBC}") = "AddressBook.iOS", "AddressBook\AddressBook.iOS\AddressBook.iOS.csproj", "{D801BDD5-D5E0-496F-834B-482A209DD27D}"
EndProject
Project("{FAE04EC0-301F-11D3-BF4B-00C04F79EFBC}") = "AddressBook.Droid", "AddressBook\AddressBook.Droid\AddressBook.Droid.csproj", "{7EF1607D-C742-43EF-8FB4-5E39D62EC5BA}"
EndProject
Project("{FAE04EC0-301F-11D3-BF4B-00C04F79EFBC}") = "AddressBook.WinPhone", "AddressBook\AddressBook.WinPhone\AddressBook.WinPhone.csproj", "{052010DF-81C9-4F79-BB97-D4A19481424B}"
EndProject
Global
	GlobalSection(SolutionConfigurationPlatforms) = preSolution
		Ad-Hoc|Any CPU = Ad-Hoc|Any CPU
		Ad-Hoc|ARM = Ad-Hoc|ARM
		Ad-Hoc|iPhone = Ad-Hoc|iPhone
		Ad-Hoc|iPhoneSimulator = Ad-Hoc|iPhoneSimulator
		Ad-Hoc|x86 = Ad-Hoc|x86
		AppStore|Any CPU = AppStore|Any CPU
		AppStore|ARM = AppStore|ARM
		AppStore|iPhone = AppStore|iPhone
		AppStore|iPhoneSimulator = AppStore|iPhoneSimulator
		AppStore|x86 = AppStore|x86
		Debug|Any CPU = Debug|Any CPU
		Debug|ARM = Debug|ARM
		Debug|iPhone = Debug|iPhone
		Debug|iPhoneSimulator = Debug|iPhoneSimulator
		Debug|x86 = Debug|x86
		Release|Any CPU = Release|Any CPU
		Release|ARM = Release|ARM
		Release|iPhone = Release|iPhone
		Release|iPhoneSimulator = Release|iPhoneSimulator
		Release|x86 = Release|x86
	EndGlobalSection
	GlobalSection(ProjectConfigurationPlatforms) = postSolution
		{F4C40B66-588F-4FB0-9259-9CE0DE48715A}.Ad-Hoc|Any CPU.ActiveCfg = Release|Any CPU
		{F4C40B66-588F-4FB0-9259-9CE0DE48715A}.Ad-Hoc|Any CPU.Build.0 = Release|Any CPU
		{F4C40B66-588F-4FB0-9259-9CE0DE48715A}.Ad-Hoc|ARM.ActiveCfg = Release|Any CPU
		{F4C40B66-588F-4FB0-9259-9CE0DE48715A}.Ad-Hoc|ARM.Build.0 = Release|Any CPU
		{F4C40B66-588F-4FB0-9259-9CE0DE48715A}.Ad-Hoc|iPhone.ActiveCfg = Release|Any CPU
		{F4C40B66-588F-4FB0-9259-9CE0DE48715A}.Ad-Hoc|iPhone.Build.0 = Release|Any CPU
		{F4C40B66-588F-4FB0-9259-9CE0DE48715A}.Ad-Hoc|iPhoneSimulator.ActiveCfg = Release|Any CPU
		{F4C40B66-588F-4FB0-9259-9CE0DE48715A}.Ad-Hoc|iPhoneSimulator.Build.0 = Release|Any CPU
		{F4C40B66-588F-4FB0-9259-9CE0DE48715A}.Ad-Hoc|x86.ActiveCfg = Release|Any CPU
		{F4C40B66-588F-4FB0-9259-9CE0DE48715A}.Ad-Hoc|x86.Build.0 = Release|Any CPU
		{F4C40B66-588F-4FB0-9259-9CE0DE48715A}.AppStore|Any CPU.ActiveCfg = Release|Any CPU
		{F4C40B66-588F-4FB0-9259-9CE0DE48715A}.AppStore|Any CPU.Build.0 = Release|Any CPU
		{F4C40B66-588F-4FB0-9259-9CE0DE48715A}.AppStore|ARM.ActiveCfg = Release|Any CPU
		{F4C40B66-588F-4FB0-9259-9CE0DE48715A}.AppStore|ARM.Build.0 = Release|Any CPU
		{F4C40B66-588F-4FB0-9259-9CE0DE48715A}.AppStore|iPhone.ActiveCfg = Release|Any CPU
		{F4C40B66-588F-4FB0-9259-9CE0DE48715A}.AppStore|iPhone.Build.0 = Release|Any CPU
		{F4C40B66-588F-4FB0-9259-9CE0DE48715A}.AppStore|iPhoneSimulator.ActiveCfg = Release|Any CPU
		{F4C40B66-588F-4FB0-9259-9CE0DE48715A}.AppStore|iPhoneSimulator.Build.0 = Release|Any CPU
		{F4C40B66-588F-4FB0-9259-9CE0DE48715A}.AppStore|x86.ActiveCfg = Release|Any CPU
		{F4C40B66-588F-4FB0-9259-9CE0DE48715A}.AppStore|x86.Build.0 = Release|Any CPU
		{F4C40B66-588F-4FB0-9259-9CE0DE48715A}.Debug|Any CPU.ActiveCfg = Debug|Any CPU
		{F4C40B66-588F-4FB0-9259-9CE0DE48715A}.Debug|Any CPU.Build.0 = Debug|Any CPU
		{F4C40B66-588F-4FB0-9259-9CE0DE48715A}.Debug|ARM.ActiveCfg = Debug|Any CPU
		{F4C40B66-588F-4FB0-9259-9CE0DE48715A}.Debug|ARM.Build.0 = Debug|Any CPU
		{F4C40B66-588F-4FB0-9259-9CE0DE48715A}.Debug|iPhone.ActiveCfg = Debug|Any CPU
		{F4C40B66-588F-4FB0-9259-9CE0DE48715A}.Debug|iPhone.Build.0 = Debug|Any CPU
		{F4C40B66-588F-4FB0-9259-9CE0DE48715A}.Debug|iPhoneSimulator.ActiveCfg = Debug|Any CPU
		{F4C40B66-588F-4FB0-9259-9CE0DE48715A}.Debug|iPhoneSimulator.Build.0 = Debug|Any CPU
		{F4C40B66-588F-4FB0-9259-9CE0DE48715A}.Debug|x86.ActiveCfg = Debug|Any CPU
		{F4C40B66-588F-4FB0-9259-9CE0DE48715A}.Debug|x86.Build.0 = Debug|Any CPU
		{F4C40B66-588F-4FB0-9259-9CE0DE48715A}.Release|Any CPU.ActiveCfg = Release|Any CPU
		{F4C40B66-588F-4FB0-9259-9CE0DE48715A}.Release|Any CPU.Build.0 = Release|Any CPU
		{F4C40B66-588F-4FB0-9259-9CE0DE48715A}.Release|ARM.ActiveCfg = Release|Any CPU
		{F4C40B66-588F-4FB0-9259-9CE0DE48715A}.Release|ARM.Build.0 = Release|Any CPU
		{F4C40B66-588F-4FB0-9259-9CE0DE48715A}.Release|iPhone.ActiveCfg = Release|Any CPU
		{F4C40B66-588F-4FB0-9259-9CE0DE48715A}.Release|iPhone.Build.0 = Release|Any CPU
		{F4C40B66-588F-4FB0-9259-9CE0DE48715A}.Release|iPhoneSimulator.ActiveCfg = Release|Any CPU
		{F4C40B66-588F-4FB0-9259-9CE0DE48715A}.Release|iPhoneSimulator.Build.0 = Release|Any CPU
		{F4C40B66-588F-4FB0-9259-9CE0DE48715A}.Release|x86.ActiveCfg = Release|Any CPU
		{F4C40B66-588F-4FB0-9259-9CE0DE48715A}.Release|x86.Build.0 = Release|Any CPU
		{D801BDD5-D5E0-496F-834B-482A209DD27D}.Ad-Hoc|Any CPU.ActiveCfg = Ad-Hoc|iPhone
		{D801BDD5-D5E0-496F-834B-482A209DD27D}.Ad-Hoc|ARM.ActiveCfg = Ad-Hoc|iPhone
		{D801BDD5-D5E0-496F-834B-482A209DD27D}.Ad-Hoc|iPhone.ActiveCfg = Ad-Hoc|iPhone
		{D801BDD5-D5E0-496F-834B-482A209DD27D}.Ad-Hoc|iPhone.Build.0 = Ad-Hoc|iPhone
		{D801BDD5-D5E0-496F-834B-482A209DD27D}.Ad-Hoc|iPhoneSimulator.ActiveCfg = Ad-Hoc|iPhoneSimulator
		{D801BDD5-D5E0-496F-834B-482A209DD27D}.Ad-Hoc|iPhoneSimulator.Build.0 = Ad-Hoc|iPhoneSimulator
		{D801BDD5-D5E0-496F-834B-482A209DD27D}.Ad-Hoc|x86.ActiveCfg = Ad-Hoc|iPhone
		{D801BDD5-D5E0-496F-834B-482A209DD27D}.AppStore|Any CPU.ActiveCfg = AppStore|iPhone
		{D801BDD5-D5E0-496F-834B-482A209DD27D}.AppStore|ARM.ActiveCfg = AppStore|iPhone
		{D801BDD5-D5E0-496F-834B-482A209DD27D}.AppStore|iPhone.ActiveCfg = AppStore|iPhone
		{D801BDD5-D5E0-496F-834B-482A209DD27D}.AppStore|iPhone.Build.0 = AppStore|iPhone
		{D801BDD5-D5E0-496F-834B-482A209DD27D}.AppStore|iPhoneSimulator.ActiveCfg = AppStore|iPhoneSimulator
		{D801BDD5-D5E0-496F-834B-482A209DD27D}.AppStore|iPhoneSimulator.Build.0 = AppStore|iPhoneSimulator
		{D801BDD5-D5E0-496F-834B-482A209DD27D}.AppStore|x86.ActiveCfg = AppStore|iPhone
		{D801BDD5-D5E0-496F-834B-482A209DD27D}.Debug|Any CPU.ActiveCfg = Debug|iPhone
		{D801BDD5-D5E0-496F-834B-482A209DD27D}.Debug|ARM.ActiveCfg = Debug|iPhone
		{D801BDD5-D5E0-496F-834B-482A209DD27D}.Debug|iPhone.ActiveCfg = Debug|iPhone
		{D801BDD5-D5E0-496F-834B-482A209DD27D}.Debug|iPhone.Build.0 = Debug|iPhone
		{D801BDD5-D5E0-496F-834B-482A209DD27D}.Debug|iPhoneSimulator.ActiveCfg = Debug|iPhoneSimulator
		{D801BDD5-D5E0-496F-834B-482A209DD27D}.Debug|iPhoneSimulator.Build.0 = Debug|iPhoneSimulator
		{D801BDD5-D5E0-496F-834B-482A209DD27D}.Debug|x86.ActiveCfg = Debug|iPhone
		{D801BDD5-D5E0-496F-834B-482A209DD27D}.Release|Any CPU.ActiveCfg = Release|iPhone
		{D801BDD5-D5E0-496F-834B-482A209DD27D}.Release|ARM.ActiveCfg = Release|iPhone
		{D801BDD5-D5E0-496F-834B-482A209DD27D}.Release|iPhone.ActiveCfg = Release|iPhone
		{D801BDD5-D5E0-496F-834B-482A209DD27D}.Release|iPhone.Build.0 = Release|iPhone
		{D801BDD5-D5E0-496F-834B-482A209DD27D}.Release|iPhoneSimulator.ActiveCfg = Release|iPhoneSimulator
		{D801BDD5-D5E0-496F-834B-482A209DD27D}.Release|iPhoneSimulator.Build.0 = Release|iPhoneSimulator
		{D801BDD5-D5E0-496F-834B-482A209DD27D}.Release|x86.ActiveCfg = Release|iPhone
		{7EF1607D-C742-43EF-8FB4-5E39D62EC5BA}.Ad-Hoc|Any CPU.ActiveCfg = Release|Any CPU
		{7EF1607D-C742-43EF-8FB4-5E39D62EC5BA}.Ad-Hoc|Any CPU.Build.0 = Release|Any CPU
		{7EF1607D-C742-43EF-8FB4-5E39D62EC5BA}.Ad-Hoc|Any CPU.Deploy.0 = Release|Any CPU
		{7EF1607D-C742-43EF-8FB4-5E39D62EC5BA}.Ad-Hoc|ARM.ActiveCfg = Release|Any CPU
		{7EF1607D-C742-43EF-8FB4-5E39D62EC5BA}.Ad-Hoc|ARM.Build.0 = Release|Any CPU
		{7EF1607D-C742-43EF-8FB4-5E39D62EC5BA}.Ad-Hoc|ARM.Deploy.0 = Release|Any CPU
		{7EF1607D-C742-43EF-8FB4-5E39D62EC5BA}.Ad-Hoc|iPhone.ActiveCfg = Release|Any CPU
		{7EF1607D-C742-43EF-8FB4-5E39D62EC5BA}.Ad-Hoc|iPhone.Build.0 = Release|Any CPU
		{7EF1607D-C742-43EF-8FB4-5E39D62EC5BA}.Ad-Hoc|iPhone.Deploy.0 = Release|Any CPU
		{7EF1607D-C742-43EF-8FB4-5E39D62EC5BA}.Ad-Hoc|iPhoneSimulator.ActiveCfg = Release|Any CPU
		{7EF1607D-C742-43EF-8FB4-5E39D62EC5BA}.Ad-Hoc|iPhoneSimulator.Build.0 = Release|Any CPU
		{7EF1607D-C742-43EF-8FB4-5E39D62EC5BA}.Ad-Hoc|iPhoneSimulator.Deploy.0 = Release|Any CPU
		{7EF1607D-C742-43EF-8FB4-5E39D62EC5BA}.Ad-Hoc|x86.ActiveCfg = Release|Any CPU
		{7EF1607D-C742-43EF-8FB4-5E39D62EC5BA}.Ad-Hoc|x86.Build.0 = Release|Any CPU
		{7EF1607D-C742-43EF-8FB4-5E39D62EC5BA}.Ad-Hoc|x86.Deploy.0 = Release|Any CPU
		{7EF1607D-C742-43EF-8FB4-5E39D62EC5BA}.AppStore|Any CPU.ActiveCfg = Release|Any CPU
		{7EF1607D-C742-43EF-8FB4-5E39D62EC5BA}.AppStore|Any CPU.Build.0 = Release|Any CPU
		{7EF1607D-C742-43EF-8FB4-5E39D62EC5BA}.AppStore|Any CPU.Deploy.0 = Release|Any CPU
		{7EF1607D-C742-43EF-8FB4-5E39D62EC5BA}.AppStore|ARM.ActiveCfg = Release|Any CPU
		{7EF1607D-C742-43EF-8FB4-5E39D62EC5BA}.AppStore|ARM.Build.0 = Release|Any CPU
		{7EF1607D-C742-43EF-8FB4-5E39D62EC5BA}.AppStore|ARM.Deploy.0 = Release|Any CPU
		{7EF1607D-C742-43EF-8FB4-5E39D62EC5BA}.AppStore|iPhone.ActiveCfg = Release|Any CPU
		{7EF1607D-C742-43EF-8FB4-5E39D62EC5BA}.AppStore|iPhone.Build.0 = Release|Any CPU
		{7EF1607D-C742-43EF-8FB4-5E39D62EC5BA}.AppStore|iPhone.Deploy.0 = Release|Any CPU
		{7EF1607D-C742-43EF-8FB4-5E39D62EC5BA}.AppStore|iPhoneSimulator.ActiveCfg = Release|Any CPU
		{7EF1607D-C742-43EF-8FB4-5E39D62EC5BA}.AppStore|iPhoneSimulator.Build.0 = Release|Any CPU
		{7EF1607D-C742-43EF-8FB4-5E39D62EC5BA}.AppStore|iPhoneSimulator.Deploy.0 = Release|Any CPU
		{7EF1607D-C742-43EF-8FB4-5E39D62EC5BA}.AppStore|x86.ActiveCfg = Release|Any CPU
		{7EF1607D-C742-43EF-8FB4-5E39D62EC5BA}.AppStore|x86.Build.0 = Release|Any CPU
		{7EF1607D-C742-43EF-8FB4-5E39D62EC5BA}.AppStore|x86.Deploy.0 = Release|Any CPU
		{7EF1607D-C742-43EF-8FB4-5E39D62EC5BA}.Debug|Any CPU.ActiveCfg = Debug|Any CPU
		{7EF1607D-C742-43EF-8FB4-5E39D62EC5BA}.Debug|Any CPU.Build.0 = Debug|Any CPU
		{7EF1607D-C742-43EF-8FB4-5E39D62EC5BA}.Debug|Any CPU.Deploy.0 = Debug|Any CPU
		{7EF1607D-C742-43EF-8FB4-5E39D62EC5BA}.Debug|ARM.ActiveCfg = Debug|Any CPU
		{7EF1607D-C742-43EF-8FB4-5E39D62EC5BA}.Debug|ARM.Build.0 = Debug|Any CPU
		{7EF1607D-C742-43EF-8FB4-5E39D62EC5BA}.Debug|ARM.Deploy.0 = Debug|Any CPU
		{7EF1607D-C742-43EF-8FB4-5E39D62EC5BA}.Debug|iPhone.ActiveCfg = Debug|Any CPU
		{7EF1607D-C742-43EF-8FB4-5E39D62EC5BA}.Debug|iPhone.Build.0 = Debug|Any CPU
		{7EF1607D-C742-43EF-8FB4-5E39D62EC5BA}.Debug|iPhone.Deploy.0 = Debug|Any CPU
		{7EF1607D-C742-43EF-8FB4-5E39D62EC5BA}.Debug|iPhoneSimulator.ActiveCfg = Debug|Any CPU
		{7EF1607D-C742-43EF-8FB4-5E39D62EC5BA}.Debug|iPhoneSimulator.Build.0 = Debug|Any CPU
		{7EF1607D-C742-43EF-8FB4-5E39D62EC5BA}.Debug|iPhoneSimulator.Deploy.0 = Debug|Any CPU
		{7EF1607D-C742-43EF-8FB4-5E39D62EC5BA}.Debug|x86.ActiveCfg = Debug|Any CPU
		{7EF1607D-C742-43EF-8FB4-5E39D62EC5BA}.Debug|x86.Build.0 = Debug|Any CPU
		{7EF1607D-C742-43EF-8FB4-5E39D62EC5BA}.Debug|x86.Deploy.0 = Debug|Any CPU
		{7EF1607D-C742-43EF-8FB4-5E39D62EC5BA}.Release|Any CPU.ActiveCfg = Release|Any CPU
		{7EF1607D-C742-43EF-8FB4-5E39D62EC5BA}.Release|Any CPU.Build.0 = Release|Any CPU
		{7EF1607D-C742-43EF-8FB4-5E39D62EC5BA}.Release|Any CPU.Deploy.0 = Release|Any CPU
		{7EF1607D-C742-43EF-8FB4-5E39D62EC5BA}.Release|ARM.ActiveCfg = Release|Any CPU
		{7EF1607D-C742-43EF-8FB4-5E39D62EC5BA}.Release|ARM.Build.0 = Release|Any CPU
		{7EF1607D-C742-43EF-8FB4-5E39D62EC5BA}.Release|ARM.Deploy.0 = Release|Any CPU
		{7EF1607D-C742-43EF-8FB4-5E39D62EC5BA}.Release|iPhone.ActiveCfg = Release|Any CPU
		{7EF1607D-C742-43EF-8FB4-5E39D62EC5BA}.Release|iPhone.Build.0 = Release|Any CPU
		{7EF1607D-C742-43EF-8FB4-5E39D62EC5BA}.Release|iPhone.Deploy.0 = Release|Any CPU
		{7EF1607D-C742-43EF-8FB4-5E39D62EC5BA}.Release|iPhoneSimulator.ActiveCfg = Release|Any CPU
		{7EF1607D-C742-43EF-8FB4-5E39D62EC5BA}.Release|iPhoneSimulator.Build.0 = Release|Any CPU
		{7EF1607D-C742-43EF-8FB4-5E39D62EC5BA}.Release|iPhoneSimulator.Deploy.0 = Release|Any CPU
		{7EF1607D-C742-43EF-8FB4-5E39D62EC5BA}.Release|x86.ActiveCfg = Release|Any CPU
		{7EF1607D-C742-43EF-8FB4-5E39D62EC5BA}.Release|x86.Build.0 = Release|Any CPU
		{7EF1607D-C742-43EF-8FB4-5E39D62EC5BA}.Release|x86.Deploy.0 = Release|Any CPU
		{052010DF-81C9-4F79-BB97-D4A19481424B}.Ad-Hoc|Any CPU.ActiveCfg = Release|Any CPU
		{052010DF-81C9-4F79-BB97-D4A19481424B}.Ad-Hoc|Any CPU.Build.0 = Release|Any CPU
		{052010DF-81C9-4F79-BB97-D4A19481424B}.Ad-Hoc|Any CPU.Deploy.0 = Release|Any CPU
		{052010DF-81C9-4F79-BB97-D4A19481424B}.Ad-Hoc|ARM.ActiveCfg = Release|ARM
		{052010DF-81C9-4F79-BB97-D4A19481424B}.Ad-Hoc|ARM.Build.0 = Release|ARM
		{052010DF-81C9-4F79-BB97-D4A19481424B}.Ad-Hoc|ARM.Deploy.0 = Release|ARM
		{052010DF-81C9-4F79-BB97-D4A19481424B}.Ad-Hoc|iPhone.ActiveCfg = Release|Any CPU
		{052010DF-81C9-4F79-BB97-D4A19481424B}.Ad-Hoc|iPhone.Build.0 = Release|Any CPU
		{052010DF-81C9-4F79-BB97-D4A19481424B}.Ad-Hoc|iPhone.Deploy.0 = Release|Any CPU
		{052010DF-81C9-4F79-BB97-D4A19481424B}.Ad-Hoc|iPhoneSimulator.ActiveCfg = Release|Any CPU
		{052010DF-81C9-4F79-BB97-D4A19481424B}.Ad-Hoc|iPhoneSimulator.Build.0 = Release|Any CPU
		{052010DF-81C9-4F79-BB97-D4A19481424B}.Ad-Hoc|iPhoneSimulator.Deploy.0 = Release|Any CPU
		{052010DF-81C9-4F79-BB97-D4A19481424B}.Ad-Hoc|x86.ActiveCfg = Release|x86
		{052010DF-81C9-4F79-BB97-D4A19481424B}.Ad-Hoc|x86.Build.0 = Release|x86
		{052010DF-81C9-4F79-BB97-D4A19481424B}.Ad-Hoc|x86.Deploy.0 = Release|x86
		{052010DF-81C9-4F79-BB97-D4A19481424B}.AppStore|Any CPU.ActiveCfg = Release|Any CPU
		{052010DF-81C9-4F79-BB97-D4A19481424B}.AppStore|Any CPU.Build.0 = Release|Any CPU
		{052010DF-81C9-4F79-BB97-D4A19481424B}.AppStore|Any CPU.Deploy.0 = Release|Any CPU
		{052010DF-81C9-4F79-BB97-D4A19481424B}.AppStore|ARM.ActiveCfg = Release|ARM
		{052010DF-81C9-4F79-BB97-D4A19481424B}.AppStore|ARM.Build.0 = Release|ARM
		{052010DF-81C9-4F79-BB97-D4A19481424B}.AppStore|ARM.Deploy.0 = Release|ARM
		{052010DF-81C9-4F79-BB97-D4A19481424B}.AppStore|iPhone.ActiveCfg = Release|Any CPU
		{052010DF-81C9-4F79-BB97-D4A19481424B}.AppStore|iPhone.Build.0 = Release|Any CPU
		{052010DF-81C9-4F79-BB97-D4A19481424B}.AppStore|iPhone.Deploy.0 = Release|Any CPU
		{052010DF-81C9-4F79-BB97-D4A19481424B}.AppStore|iPhoneSimulator.ActiveCfg = Release|Any CPU
		{052010DF-81C9-4F79-BB97-D4A19481424B}.AppStore|iPhoneSimulator.Build.0 = Release|Any CPU
		{052010DF-81C9-4F79-BB97-D4A19481424B}.AppStore|iPhoneSimulator.Deploy.0 = Release|Any CPU
		{052010DF-81C9-4F79-BB97-D4A19481424B}.AppStore|x86.ActiveCfg = Release|x86
		{052010DF-81C9-4F79-BB97-D4A19481424B}.AppStore|x86.Build.0 = Release|x86
		{052010DF-81C9-4F79-BB97-D4A19481424B}.AppStore|x86.Deploy.0 = Release|x86
		{052010DF-81C9-4F79-BB97-D4A19481424B}.Debug|Any CPU.ActiveCfg = Debug|Any CPU
		{052010DF-81C9-4F79-BB97-D4A19481424B}.Debug|Any CPU.Build.0 = Debug|Any CPU
		{052010DF-81C9-4F79-BB97-D4A19481424B}.Debug|Any CPU.Deploy.0 = Debug|Any CPU
		{052010DF-81C9-4F79-BB97-D4A19481424B}.Debug|ARM.ActiveCfg = Debug|ARM
		{052010DF-81C9-4F79-BB97-D4A19481424B}.Debug|ARM.Build.0 = Debug|ARM
		{052010DF-81C9-4F79-BB97-D4A19481424B}.Debug|ARM.Deploy.0 = Debug|ARM
		{052010DF-81C9-4F79-BB97-D4A19481424B}.Debug|iPhone.ActiveCfg = Debug|Any CPU
		{052010DF-81C9-4F79-BB97-D4A19481424B}.Debug|iPhone.Build.0 = Debug|Any CPU
		{052010DF-81C9-4F79-BB97-D4A19481424B}.Debug|iPhone.Deploy.0 = Debug|Any CPU
		{052010DF-81C9-4F79-BB97-D4A19481424B}.Debug|iPhoneSimulator.ActiveCfg = Debug|Any CPU
		{052010DF-81C9-4F79-BB97-D4A19481424B}.Debug|iPhoneSimulator.Build.0 = Debug|Any CPU
		{052010DF-81C9-4F79-BB97-D4A19481424B}.Debug|iPhoneSimulator.Deploy.0 = Debug|Any CPU
		{052010DF-81C9-4F79-BB97-D4A19481424B}.Debug|x86.ActiveCfg = Debug|x86
		{052010DF-81C9-4F79-BB97-D4A19481424B}.Debug|x86.Build.0 = Debug|x86
		{052010DF-81C9-4F79-BB97-D4A19481424B}.Debug|x86.Deploy.0 = Debug|x86
		{052010DF-81C9-4F79-BB97-D4A19481424B}.Release|Any CPU.ActiveCfg = Release|Any CPU
		{052010DF-81C9-4F79-BB97-D4A19481424B}.Release|Any CPU.Build.0 = Release|Any CPU
		{052010DF-81C9-4F79-BB97-D4A19481424B}.Release|Any CPU.Deploy.0 = Release|Any CPU
		{052010DF-81C9-4F79-BB97-D4A19481424B}.Release|ARM.ActiveCfg = Release|ARM
		{052010DF-81C9-4F79-BB97-D4A19481424B}.Release|ARM.Build.0 = Release|ARM
		{052010DF-81C9-4F79-BB97-D4A19481424B}.Release|ARM.Deploy.0 = Release|ARM
		{052010DF-81C9-4F79-BB97-D4A19481424B}.Release|iPhone.ActiveCfg = Release|Any CPU
		{052010DF-81C9-4F79-BB97-D4A19481424B}.Release|iPhone.Build.0 = Release|Any CPU
		{052010DF-81C9-4F79-BB97-D4A19481424B}.Release|iPhone.Deploy.0 = Release|Any CPU
		{052010DF-81C9-4F79-BB97-D4A19481424B}.Release|iPhoneSimulator.ActiveCfg = Release|Any CPU
		{052010DF-81C9-4F79-BB97-D4A19481424B}.Release|iPhoneSimulator.Build.0 = Release|Any CPU
		{052010DF-81C9-4F79-BB97-D4A19481424B}.Release|iPhoneSimulator.Deploy.0 = Release|Any CPU
		{052010DF-81C9-4F79-BB97-D4A19481424B}.Release|x86.ActiveCfg = Release|x86
		{052010DF-81C9-4F79-BB97-D4A19481424B}.Release|x86.Build.0 = Release|x86
		{052010DF-81C9-4F79-BB97-D4A19481424B}.Release|x86.Deploy.0 = Release|x86
	EndGlobalSection
	GlobalSection(SolutionProperties) = preSolution
		HideSolutionNode = FALSE
	EndGlobalSection
EndGlobal
